// !$*UTF8*$!
{
	archiveVersion = 1;
	classes = {
	};
	objectVersion = 46;
	objects = {

/* Begin PBXBuildFile section */
		0514240A13A5521200E5BD31 /* UIKit.framework in Frameworks */ = {isa = PBXBuildFile; fileRef = 0514240913A5521200E5BD31 /* UIKit.framework */; };
		0514240C13A5521200E5BD31 /* Foundation.framework in Frameworks */ = {isa = PBXBuildFile; fileRef = 0514240B13A5521200E5BD31 /* Foundation.framework */; };
		0514240E13A5521200E5BD31 /* CoreGraphics.framework in Frameworks */ = {isa = PBXBuildFile; fileRef = 0514240D13A5521200E5BD31 /* CoreGraphics.framework */; };
		0514241413A5521200E5BD31 /* InfoPlist.strings in Resources */ = {isa = PBXBuildFile; fileRef = 0514241213A5521200E5BD31 /* InfoPlist.strings */; };
		0514242D13A5528E00E5BD31 /* GHUnitIOS.framework in Frameworks */ = {isa = PBXBuildFile; fileRef = 0514242C13A5528E00E5BD31 /* GHUnitIOS.framework */; };
		0514242F13A5530B00E5BD31 /* GHUnitIOSTestMain.m in Sources */ = {isa = PBXBuildFile; fileRef = 0514242E13A5530B00E5BD31 /* GHUnitIOSTestMain.m */; };
		0514243113A5537E00E5BD31 /* ExtensionsTest.m in Sources */ = {isa = PBXBuildFile; fileRef = 0514243013A5537E00E5BD31 /* ExtensionsTest.m */; };
		0514243613A5574400E5BD31 /* Tin.m in Sources */ = {isa = PBXBuildFile; fileRef = 0520608F13A54EB6005072D0 /* Tin.m */; };
		0514243A13A5574B00E5BD31 /* Tin+Extensions.m in Sources */ = {isa = PBXBuildFile; fileRef = 0514240013A5508F00E5BD31 /* Tin+Extensions.m */; };
		0514243C13A5578600E5BD31 /* YAJLiOS.framework in Frameworks */ = {isa = PBXBuildFile; fileRef = 0514243B13A5578600E5BD31 /* YAJLiOS.framework */; };
		055E1A3D13A63EB000C7D258 /* TinAsyncTest.m in Sources */ = {isa = PBXBuildFile; fileRef = 055E1A3C13A63EB000C7D258 /* TinAsyncTest.m */; };
		055E1A3F13A6482C00C7D258 /* TinUtilityTest.m in Sources */ = {isa = PBXBuildFile; fileRef = 055E1A3E13A6482C00C7D258 /* TinUtilityTest.m */; };
		055E1A4C13A66CC600C7D258 /* TinResponse.m in Sources */ = {isa = PBXBuildFile; fileRef = 055E1A4B13A66CC600C7D258 /* TinResponse.m */; };
		055E1A5613A68E0D00C7D258 /* TinTest.m in Sources */ = {isa = PBXBuildFile; fileRef = 055E1A5513A68E0D00C7D258 /* TinTest.m */; };
		055E1A6113A68EDE00C7D258 /* libOCMock.a in Frameworks */ = {isa = PBXBuildFile; fileRef = 055E1A6013A68EDE00C7D258 /* libOCMock.a */; };
		6042C68213A8D6AF0035DD1F /* NSObject+SBJSON.m in Sources */ = {isa = PBXBuildFile; fileRef = 6042C67913A8D6AF0035DD1F /* NSObject+SBJSON.m */; };
		6042C68313A8D6AF0035DD1F /* NSString+SBJSON.m in Sources */ = {isa = PBXBuildFile; fileRef = 6042C67B13A8D6AF0035DD1F /* NSString+SBJSON.m */; };
		6042C68413A8D6AF0035DD1F /* SBJsonBase.m in Sources */ = {isa = PBXBuildFile; fileRef = 6042C67D13A8D6AF0035DD1F /* SBJsonBase.m */; };
		6042C68513A8D6AF0035DD1F /* SBJsonParser.m in Sources */ = {isa = PBXBuildFile; fileRef = 6042C67F13A8D6AF0035DD1F /* SBJsonParser.m */; };
		6042C68613A8D6AF0035DD1F /* SBJsonWriter.m in Sources */ = {isa = PBXBuildFile; fileRef = 6042C68113A8D6AF0035DD1F /* SBJsonWriter.m */; };
		9DDB7EBB148E4E4100EE6E90 /* AFHTTPClient.m in Sources */ = {isa = PBXBuildFile; fileRef = 9DDB7EA6148E4E4100EE6E90 /* AFHTTPClient.m */; };
		9DDB7EBC148E4E4100EE6E90 /* AFHTTPRequestOperation.m in Sources */ = {isa = PBXBuildFile; fileRef = 9DDB7EA8148E4E4100EE6E90 /* AFHTTPRequestOperation.m */; };
		9DDB7EBD148E4E4100EE6E90 /* AFImageCache.m in Sources */ = {isa = PBXBuildFile; fileRef = 9DDB7EAA148E4E4100EE6E90 /* AFImageCache.m */; };
		9DDB7EBE148E4E4100EE6E90 /* AFImageRequestOperation.m in Sources */ = {isa = PBXBuildFile; fileRef = 9DDB7EAC148E4E4100EE6E90 /* AFImageRequestOperation.m */; };
		9DDB7EBF148E4E4100EE6E90 /* AFJSONRequestOperation.m in Sources */ = {isa = PBXBuildFile; fileRef = 9DDB7EAE148E4E4100EE6E90 /* AFJSONRequestOperation.m */; };
		9DDB7EC0148E4E4100EE6E90 /* AFNetworkActivityIndicatorManager.m in Sources */ = {isa = PBXBuildFile; fileRef = 9DDB7EB1148E4E4100EE6E90 /* AFNetworkActivityIndicatorManager.m */; };
		9DDB7EC1148E4E4100EE6E90 /* AFPropertyListRequestOperation.m in Sources */ = {isa = PBXBuildFile; fileRef = 9DDB7EB4148E4E4100EE6E90 /* AFPropertyListRequestOperation.m */; };
		9DDB7EC2148E4E4100EE6E90 /* AFURLConnectionOperation.m in Sources */ = {isa = PBXBuildFile; fileRef = 9DDB7EB6148E4E4100EE6E90 /* AFURLConnectionOperation.m */; };
		9DDB7EC3148E4E4100EE6E90 /* AFXMLRequestOperation.m in Sources */ = {isa = PBXBuildFile; fileRef = 9DDB7EB8148E4E4100EE6E90 /* AFXMLRequestOperation.m */; };
		9DDB7EC4148E4E4100EE6E90 /* UIImageView+AFNetworking.m in Sources */ = {isa = PBXBuildFile; fileRef = 9DDB7EBA148E4E4100EE6E90 /* UIImageView+AFNetworking.m */; };
/* End PBXBuildFile section */

/* Begin PBXFileReference section */
		051423FF13A5508F00E5BD31 /* Tin+Extensions.h */ = {isa = PBXFileReference; lastKnownFileType = sourcecode.c.h; name = "Tin+Extensions.h"; path = "Tin/Tin+Extensions.h"; sourceTree = "<group>"; };
		0514240013A5508F00E5BD31 /* Tin+Extensions.m */ = {isa = PBXFileReference; lastKnownFileType = sourcecode.c.objc; name = "Tin+Extensions.m"; path = "Tin/Tin+Extensions.m"; sourceTree = "<group>"; };
		0514240513A5521200E5BD31 /* tests.app */ = {isa = PBXFileReference; explicitFileType = wrapper.application; includeInIndex = 0; path = tests.app; sourceTree = BUILT_PRODUCTS_DIR; };
		0514240913A5521200E5BD31 /* UIKit.framework */ = {isa = PBXFileReference; lastKnownFileType = wrapper.framework; name = UIKit.framework; path = System/Library/Frameworks/UIKit.framework; sourceTree = SDKROOT; };
		0514240B13A5521200E5BD31 /* Foundation.framework */ = {isa = PBXFileReference; lastKnownFileType = wrapper.framework; name = Foundation.framework; path = System/Library/Frameworks/Foundation.framework; sourceTree = SDKROOT; };
		0514240D13A5521200E5BD31 /* CoreGraphics.framework */ = {isa = PBXFileReference; lastKnownFileType = wrapper.framework; name = CoreGraphics.framework; path = System/Library/Frameworks/CoreGraphics.framework; sourceTree = SDKROOT; };
		0514241113A5521200E5BD31 /* tests-Info.plist */ = {isa = PBXFileReference; lastKnownFileType = text.plist.xml; path = "tests-Info.plist"; sourceTree = "<group>"; };
		0514241313A5521200E5BD31 /* en */ = {isa = PBXFileReference; lastKnownFileType = text.plist.strings; name = en; path = en.lproj/InfoPlist.strings; sourceTree = "<group>"; };
		0514241513A5521200E5BD31 /* tests-Prefix.pch */ = {isa = PBXFileReference; lastKnownFileType = sourcecode.c.h; path = "tests-Prefix.pch"; sourceTree = "<group>"; };
		0514242C13A5528E00E5BD31 /* GHUnitIOS.framework */ = {isa = PBXFileReference; lastKnownFileType = wrapper.framework; path = GHUnitIOS.framework; sourceTree = "<group>"; };
		0514242E13A5530B00E5BD31 /* GHUnitIOSTestMain.m */ = {isa = PBXFileReference; fileEncoding = 4; lastKnownFileType = sourcecode.c.objc; path = GHUnitIOSTestMain.m; sourceTree = "<group>"; };
		0514243013A5537E00E5BD31 /* ExtensionsTest.m */ = {isa = PBXFileReference; fileEncoding = 4; lastKnownFileType = sourcecode.c.objc; path = ExtensionsTest.m; sourceTree = "<group>"; };
		0514243B13A5578600E5BD31 /* YAJLiOS.framework */ = {isa = PBXFileReference; lastKnownFileType = wrapper.framework; path = YAJLiOS.framework; sourceTree = "<group>"; };
		0520608E13A54EB6005072D0 /* Tin.h */ = {isa = PBXFileReference; fileEncoding = 4; lastKnownFileType = sourcecode.c.h; path = Tin.h; sourceTree = "<group>"; };
		0520608F13A54EB6005072D0 /* Tin.m */ = {isa = PBXFileReference; fileEncoding = 4; lastKnownFileType = sourcecode.c.objc; path = Tin.m; sourceTree = "<group>"; };
		055E1A3C13A63EB000C7D258 /* TinAsyncTest.m */ = {isa = PBXFileReference; fileEncoding = 4; lastKnownFileType = sourcecode.c.objc; path = TinAsyncTest.m; sourceTree = "<group>"; };
		055E1A3E13A6482C00C7D258 /* TinUtilityTest.m */ = {isa = PBXFileReference; fileEncoding = 4; lastKnownFileType = sourcecode.c.objc; path = TinUtilityTest.m; sourceTree = "<group>"; };
		055E1A4A13A66CC600C7D258 /* TinResponse.h */ = {isa = PBXFileReference; fileEncoding = 4; lastKnownFileType = sourcecode.c.h; name = TinResponse.h; path = Tin/TinResponse.h; sourceTree = "<group>"; };
		055E1A4B13A66CC600C7D258 /* TinResponse.m */ = {isa = PBXFileReference; fileEncoding = 4; lastKnownFileType = sourcecode.c.objc; name = TinResponse.m; path = Tin/TinResponse.m; sourceTree = "<group>"; };
		055E1A5513A68E0D00C7D258 /* TinTest.m */ = {isa = PBXFileReference; fileEncoding = 4; lastKnownFileType = sourcecode.c.objc; path = TinTest.m; sourceTree = "<group>"; };
		055E1A5A13A68EDE00C7D258 /* NSNotificationCenter+OCMAdditions.h */ = {isa = PBXFileReference; fileEncoding = 4; lastKnownFileType = sourcecode.c.h; path = "NSNotificationCenter+OCMAdditions.h"; sourceTree = "<group>"; };
		055E1A5B13A68EDE00C7D258 /* OCMArg.h */ = {isa = PBXFileReference; fileEncoding = 4; lastKnownFileType = sourcecode.c.h; path = OCMArg.h; sourceTree = "<group>"; };
		055E1A5C13A68EDE00C7D258 /* OCMConstraint.h */ = {isa = PBXFileReference; fileEncoding = 4; lastKnownFileType = sourcecode.c.h; path = OCMConstraint.h; sourceTree = "<group>"; };
		055E1A5D13A68EDE00C7D258 /* OCMock.h */ = {isa = PBXFileReference; fileEncoding = 4; lastKnownFileType = sourcecode.c.h; path = OCMock.h; sourceTree = "<group>"; };
		055E1A5E13A68EDE00C7D258 /* OCMockObject.h */ = {isa = PBXFileReference; fileEncoding = 4; lastKnownFileType = sourcecode.c.h; path = OCMockObject.h; sourceTree = "<group>"; };
		055E1A5F13A68EDE00C7D258 /* OCMockRecorder.h */ = {isa = PBXFileReference; fileEncoding = 4; lastKnownFileType = sourcecode.c.h; path = OCMockRecorder.h; sourceTree = "<group>"; };
		055E1A6013A68EDE00C7D258 /* libOCMock.a */ = {isa = PBXFileReference; lastKnownFileType = archive.ar; path = libOCMock.a; sourceTree = "<group>"; };
		6042C67713A8D6AF0035DD1F /* JSON.h */ = {isa = PBXFileReference; fileEncoding = 4; lastKnownFileType = sourcecode.c.h; path = JSON.h; sourceTree = "<group>"; };
		6042C67813A8D6AF0035DD1F /* NSObject+SBJSON.h */ = {isa = PBXFileReference; fileEncoding = 4; lastKnownFileType = sourcecode.c.h; path = "NSObject+SBJSON.h"; sourceTree = "<group>"; };
		6042C67913A8D6AF0035DD1F /* NSObject+SBJSON.m */ = {isa = PBXFileReference; fileEncoding = 4; lastKnownFileType = sourcecode.c.objc; path = "NSObject+SBJSON.m"; sourceTree = "<group>"; };
		6042C67A13A8D6AF0035DD1F /* NSString+SBJSON.h */ = {isa = PBXFileReference; fileEncoding = 4; lastKnownFileType = sourcecode.c.h; path = "NSString+SBJSON.h"; sourceTree = "<group>"; };
		6042C67B13A8D6AF0035DD1F /* NSString+SBJSON.m */ = {isa = PBXFileReference; fileEncoding = 4; lastKnownFileType = sourcecode.c.objc; path = "NSString+SBJSON.m"; sourceTree = "<group>"; };
		6042C67C13A8D6AF0035DD1F /* SBJsonBase.h */ = {isa = PBXFileReference; fileEncoding = 4; lastKnownFileType = sourcecode.c.h; path = SBJsonBase.h; sourceTree = "<group>"; };
		6042C67D13A8D6AF0035DD1F /* SBJsonBase.m */ = {isa = PBXFileReference; fileEncoding = 4; lastKnownFileType = sourcecode.c.objc; path = SBJsonBase.m; sourceTree = "<group>"; };
		6042C67E13A8D6AF0035DD1F /* SBJsonParser.h */ = {isa = PBXFileReference; fileEncoding = 4; lastKnownFileType = sourcecode.c.h; path = SBJsonParser.h; sourceTree = "<group>"; };
		6042C67F13A8D6AF0035DD1F /* SBJsonParser.m */ = {isa = PBXFileReference; fileEncoding = 4; lastKnownFileType = sourcecode.c.objc; path = SBJsonParser.m; sourceTree = "<group>"; };
		6042C68013A8D6AF0035DD1F /* SBJsonWriter.h */ = {isa = PBXFileReference; fileEncoding = 4; lastKnownFileType = sourcecode.c.h; path = SBJsonWriter.h; sourceTree = "<group>"; };
		6042C68113A8D6AF0035DD1F /* SBJsonWriter.m */ = {isa = PBXFileReference; fileEncoding = 4; lastKnownFileType = sourcecode.c.objc; path = SBJsonWriter.m; sourceTree = "<group>"; };
		9DDB7EA5148E4E4100EE6E90 /* AFHTTPClient.h */ = {isa = PBXFileReference; fileEncoding = 4; lastKnownFileType = sourcecode.c.h; path = AFHTTPClient.h; sourceTree = "<group>"; };
		9DDB7EA6148E4E4100EE6E90 /* AFHTTPClient.m */ = {isa = PBXFileReference; fileEncoding = 4; lastKnownFileType = sourcecode.c.objc; path = AFHTTPClient.m; sourceTree = "<group>"; };
		9DDB7EA7148E4E4100EE6E90 /* AFHTTPRequestOperation.h */ = {isa = PBXFileReference; fileEncoding = 4; lastKnownFileType = sourcecode.c.h; path = AFHTTPRequestOperation.h; sourceTree = "<group>"; };
		9DDB7EA8148E4E4100EE6E90 /* AFHTTPRequestOperation.m */ = {isa = PBXFileReference; fileEncoding = 4; lastKnownFileType = sourcecode.c.objc; path = AFHTTPRequestOperation.m; sourceTree = "<group>"; };
		9DDB7EA9148E4E4100EE6E90 /* AFImageCache.h */ = {isa = PBXFileReference; fileEncoding = 4; lastKnownFileType = sourcecode.c.h; path = AFImageCache.h; sourceTree = "<group>"; };
		9DDB7EAA148E4E4100EE6E90 /* AFImageCache.m */ = {isa = PBXFileReference; fileEncoding = 4; lastKnownFileType = sourcecode.c.objc; path = AFImageCache.m; sourceTree = "<group>"; };
		9DDB7EAB148E4E4100EE6E90 /* AFImageRequestOperation.h */ = {isa = PBXFileReference; fileEncoding = 4; lastKnownFileType = sourcecode.c.h; path = AFImageRequestOperation.h; sourceTree = "<group>"; };
		9DDB7EAC148E4E4100EE6E90 /* AFImageRequestOperation.m */ = {isa = PBXFileReference; fileEncoding = 4; lastKnownFileType = sourcecode.c.objc; path = AFImageRequestOperation.m; sourceTree = "<group>"; };
		9DDB7EAD148E4E4100EE6E90 /* AFJSONRequestOperation.h */ = {isa = PBXFileReference; fileEncoding = 4; lastKnownFileType = sourcecode.c.h; path = AFJSONRequestOperation.h; sourceTree = "<group>"; };
		9DDB7EAE148E4E4100EE6E90 /* AFJSONRequestOperation.m */ = {isa = PBXFileReference; fileEncoding = 4; lastKnownFileType = sourcecode.c.objc; path = AFJSONRequestOperation.m; sourceTree = "<group>"; };
		9DDB7EAF148E4E4100EE6E90 /* AFJSONUtilities.h */ = {isa = PBXFileReference; fileEncoding = 4; lastKnownFileType = sourcecode.c.h; path = AFJSONUtilities.h; sourceTree = "<group>"; };
		9DDB7EB0148E4E4100EE6E90 /* AFNetworkActivityIndicatorManager.h */ = {isa = PBXFileReference; fileEncoding = 4; lastKnownFileType = sourcecode.c.h; path = AFNetworkActivityIndicatorManager.h; sourceTree = "<group>"; };
		9DDB7EB1148E4E4100EE6E90 /* AFNetworkActivityIndicatorManager.m */ = {isa = PBXFileReference; fileEncoding = 4; lastKnownFileType = sourcecode.c.objc; path = AFNetworkActivityIndicatorManager.m; sourceTree = "<group>"; };
		9DDB7EB2148E4E4100EE6E90 /* AFNetworking.h */ = {isa = PBXFileReference; fileEncoding = 4; lastKnownFileType = sourcecode.c.h; path = AFNetworking.h; sourceTree = "<group>"; };
		9DDB7EB3148E4E4100EE6E90 /* AFPropertyListRequestOperation.h */ = {isa = PBXFileReference; fileEncoding = 4; lastKnownFileType = sourcecode.c.h; path = AFPropertyListRequestOperation.h; sourceTree = "<group>"; };
		9DDB7EB4148E4E4100EE6E90 /* AFPropertyListRequestOperation.m */ = {isa = PBXFileReference; fileEncoding = 4; lastKnownFileType = sourcecode.c.objc; path = AFPropertyListRequestOperation.m; sourceTree = "<group>"; };
		9DDB7EB5148E4E4100EE6E90 /* AFURLConnectionOperation.h */ = {isa = PBXFileReference; fileEncoding = 4; lastKnownFileType = sourcecode.c.h; path = AFURLConnectionOperation.h; sourceTree = "<group>"; };
		9DDB7EB6148E4E4100EE6E90 /* AFURLConnectionOperation.m */ = {isa = PBXFileReference; fileEncoding = 4; lastKnownFileType = sourcecode.c.objc; path = AFURLConnectionOperation.m; sourceTree = "<group>"; };
		9DDB7EB7148E4E4100EE6E90 /* AFXMLRequestOperation.h */ = {isa = PBXFileReference; fileEncoding = 4; lastKnownFileType = sourcecode.c.h; path = AFXMLRequestOperation.h; sourceTree = "<group>"; };
		9DDB7EB8148E4E4100EE6E90 /* AFXMLRequestOperation.m */ = {isa = PBXFileReference; fileEncoding = 4; lastKnownFileType = sourcecode.c.objc; path = AFXMLRequestOperation.m; sourceTree = "<group>"; };
		9DDB7EB9148E4E4100EE6E90 /* UIImageView+AFNetworking.h */ = {isa = PBXFileReference; fileEncoding = 4; lastKnownFileType = sourcecode.c.h; path = "UIImageView+AFNetworking.h"; sourceTree = "<group>"; };
		9DDB7EBA148E4E4100EE6E90 /* UIImageView+AFNetworking.m */ = {isa = PBXFileReference; fileEncoding = 4; lastKnownFileType = sourcecode.c.objc; path = "UIImageView+AFNetworking.m"; sourceTree = "<group>"; };
/* End PBXFileReference section */

/* Begin PBXFrameworksBuildPhase section */
		0514240213A5521200E5BD31 /* Frameworks */ = {
			isa = PBXFrameworksBuildPhase;
			buildActionMask = 2147483647;
			files = (
				0514240A13A5521200E5BD31 /* UIKit.framework in Frameworks */,
				0514240C13A5521200E5BD31 /* Foundation.framework in Frameworks */,
				0514240E13A5521200E5BD31 /* CoreGraphics.framework in Frameworks */,
				0514242D13A5528E00E5BD31 /* GHUnitIOS.framework in Frameworks */,
				0514243C13A5578600E5BD31 /* YAJLiOS.framework in Frameworks */,
				055E1A6113A68EDE00C7D258 /* libOCMock.a in Frameworks */,
			);
			runOnlyForDeploymentPostprocessing = 0;
		};
/* End PBXFrameworksBuildPhase section */

/* Begin PBXGroup section */
		051423F013A54E7100E5BD31 = {
			isa = PBXGroup;
			children = (
				0520608E13A54EB6005072D0 /* Tin.h */,
				0520608F13A54EB6005072D0 /* Tin.m */,
				0520609013A54EBC005072D0 /* Tin */,
				0514240F13A5521200E5BD31 /* tests */,
				0514240813A5521200E5BD31 /* Frameworks */,
				0514240613A5521200E5BD31 /* Products */,
			);
			sourceTree = "<group>";
		};
		0514240613A5521200E5BD31 /* Products */ = {
			isa = PBXGroup;
			children = (
				0514240513A5521200E5BD31 /* tests.app */,
			);
			name = Products;
			sourceTree = "<group>";
		};
		0514240813A5521200E5BD31 /* Frameworks */ = {
			isa = PBXGroup;
			children = (
				0514240913A5521200E5BD31 /* UIKit.framework */,
				0514240B13A5521200E5BD31 /* Foundation.framework */,
				0514240D13A5521200E5BD31 /* CoreGraphics.framework */,
			);
			name = Frameworks;
			sourceTree = "<group>";
		};
		0514240F13A5521200E5BD31 /* tests */ = {
			isa = PBXGroup;
			children = (
				0514241013A5521200E5BD31 /* Supporting Files */,
				0514243013A5537E00E5BD31 /* ExtensionsTest.m */,
				055E1A3C13A63EB000C7D258 /* TinAsyncTest.m */,
				055E1A3E13A6482C00C7D258 /* TinUtilityTest.m */,
				055E1A5513A68E0D00C7D258 /* TinTest.m */,
			);
			path = tests;
			sourceTree = "<group>";
		};
		0514241013A5521200E5BD31 /* Supporting Files */ = {
			isa = PBXGroup;
			children = (
				9DDB7EA4148E4E4100EE6E90 /* AFNetworking */,
				6042C67613A8D6AF0035DD1F /* JSON */,
				055E1A5713A68EDE00C7D258 /* Library */,
				0514243B13A5578600E5BD31 /* YAJLiOS.framework */,
				0514242C13A5528E00E5BD31 /* GHUnitIOS.framework */,
				0514241113A5521200E5BD31 /* tests-Info.plist */,
				0514241213A5521200E5BD31 /* InfoPlist.strings */,
				0514241513A5521200E5BD31 /* tests-Prefix.pch */,
				0514242E13A5530B00E5BD31 /* GHUnitIOSTestMain.m */,
			);
			name = "Supporting Files";
			sourceTree = "<group>";
		};
		0520609013A54EBC005072D0 /* Tin */ = {
			isa = PBXGroup;
			children = (
				051423FF13A5508F00E5BD31 /* Tin+Extensions.h */,
				0514240013A5508F00E5BD31 /* Tin+Extensions.m */,
				055E1A4A13A66CC600C7D258 /* TinResponse.h */,
				055E1A4B13A66CC600C7D258 /* TinResponse.m */,
			);
			name = Tin;
			sourceTree = "<group>";
		};
		055E1A5713A68EDE00C7D258 /* Library */ = {
			isa = PBXGroup;
			children = (
				055E1A5813A68EDE00C7D258 /* Headers */,
				055E1A6013A68EDE00C7D258 /* libOCMock.a */,
			);
			path = Library;
			sourceTree = "<group>";
		};
		055E1A5813A68EDE00C7D258 /* Headers */ = {
			isa = PBXGroup;
			children = (
				055E1A5913A68EDE00C7D258 /* OCMock */,
			);
			path = Headers;
			sourceTree = "<group>";
		};
		055E1A5913A68EDE00C7D258 /* OCMock */ = {
			isa = PBXGroup;
			children = (
				055E1A5A13A68EDE00C7D258 /* NSNotificationCenter+OCMAdditions.h */,
				055E1A5B13A68EDE00C7D258 /* OCMArg.h */,
				055E1A5C13A68EDE00C7D258 /* OCMConstraint.h */,
				055E1A5D13A68EDE00C7D258 /* OCMock.h */,
				055E1A5E13A68EDE00C7D258 /* OCMockObject.h */,
				055E1A5F13A68EDE00C7D258 /* OCMockRecorder.h */,
			);
			path = OCMock;
			sourceTree = "<group>";
		};
		6042C67613A8D6AF0035DD1F /* JSON */ = {
			isa = PBXGroup;
			children = (
				6042C67713A8D6AF0035DD1F /* JSON.h */,
				6042C67813A8D6AF0035DD1F /* NSObject+SBJSON.h */,
				6042C67913A8D6AF0035DD1F /* NSObject+SBJSON.m */,
				6042C67A13A8D6AF0035DD1F /* NSString+SBJSON.h */,
				6042C67B13A8D6AF0035DD1F /* NSString+SBJSON.m */,
				6042C67C13A8D6AF0035DD1F /* SBJsonBase.h */,
				6042C67D13A8D6AF0035DD1F /* SBJsonBase.m */,
				6042C67E13A8D6AF0035DD1F /* SBJsonParser.h */,
				6042C67F13A8D6AF0035DD1F /* SBJsonParser.m */,
				6042C68013A8D6AF0035DD1F /* SBJsonWriter.h */,
				6042C68113A8D6AF0035DD1F /* SBJsonWriter.m */,
			);
			path = JSON;
			sourceTree = "<group>";
		};
		9DDB7EA4148E4E4100EE6E90 /* AFNetworking */ = {
			isa = PBXGroup;
			children = (
				9DDB7EA5148E4E4100EE6E90 /* AFHTTPClient.h */,
				9DDB7EA6148E4E4100EE6E90 /* AFHTTPClient.m */,
				9DDB7EA7148E4E4100EE6E90 /* AFHTTPRequestOperation.h */,
				9DDB7EA8148E4E4100EE6E90 /* AFHTTPRequestOperation.m */,
				9DDB7EA9148E4E4100EE6E90 /* AFImageCache.h */,
				9DDB7EAA148E4E4100EE6E90 /* AFImageCache.m */,
				9DDB7EAB148E4E4100EE6E90 /* AFImageRequestOperation.h */,
				9DDB7EAC148E4E4100EE6E90 /* AFImageRequestOperation.m */,
				9DDB7EAD148E4E4100EE6E90 /* AFJSONRequestOperation.h */,
				9DDB7EAE148E4E4100EE6E90 /* AFJSONRequestOperation.m */,
				9DDB7EAF148E4E4100EE6E90 /* AFJSONUtilities.h */,
				9DDB7EB0148E4E4100EE6E90 /* AFNetworkActivityIndicatorManager.h */,
				9DDB7EB1148E4E4100EE6E90 /* AFNetworkActivityIndicatorManager.m */,
				9DDB7EB2148E4E4100EE6E90 /* AFNetworking.h */,
				9DDB7EB3148E4E4100EE6E90 /* AFPropertyListRequestOperation.h */,
				9DDB7EB4148E4E4100EE6E90 /* AFPropertyListRequestOperation.m */,
				9DDB7EB5148E4E4100EE6E90 /* AFURLConnectionOperation.h */,
				9DDB7EB6148E4E4100EE6E90 /* AFURLConnectionOperation.m */,
				9DDB7EB7148E4E4100EE6E90 /* AFXMLRequestOperation.h */,
				9DDB7EB8148E4E4100EE6E90 /* AFXMLRequestOperation.m */,
				9DDB7EB9148E4E4100EE6E90 /* UIImageView+AFNetworking.h */,
				9DDB7EBA148E4E4100EE6E90 /* UIImageView+AFNetworking.m */,
			);
			name = AFNetworking;
			path = ../Vendor/AFNetworking;
			sourceTree = "<group>";
		};
/* End PBXGroup section */

/* Begin PBXNativeTarget section */
		0514240413A5521200E5BD31 /* tests */ = {
			isa = PBXNativeTarget;
			buildConfigurationList = 0514242913A5521200E5BD31 /* Build configuration list for PBXNativeTarget "tests" */;
			buildPhases = (
				0514240113A5521200E5BD31 /* Sources */,
				0514240213A5521200E5BD31 /* Frameworks */,
				0514240313A5521200E5BD31 /* Resources */,
				055E1A3B13A638DB00C7D258 /* ShellScript */,
			);
			buildRules = (
			);
			dependencies = (
			);
			name = tests;
			productName = tests;
			productReference = 0514240513A5521200E5BD31 /* tests.app */;
			productType = "com.apple.product-type.application";
		};
/* End PBXNativeTarget section */

/* Begin PBXProject section */
		051423F213A54E7100E5BD31 /* Project object */ = {
			isa = PBXProject;
			attributes = {
				LastUpgradeCheck = 0420;
				ORGANIZATIONNAME = 10to1;
			};
			buildConfigurationList = 051423F513A54E7100E5BD31 /* Build configuration list for PBXProject "Tin" */;
			compatibilityVersion = "Xcode 3.2";
			developmentRegion = English;
			hasScannedForEncodings = 0;
			knownRegions = (
				en,
			);
			mainGroup = 051423F013A54E7100E5BD31;
			productRefGroup = 0514240613A5521200E5BD31 /* Products */;
			projectDirPath = "";
			projectRoot = "";
			targets = (
				0514240413A5521200E5BD31 /* tests */,
			);
		};
/* End PBXProject section */

/* Begin PBXResourcesBuildPhase section */
		0514240313A5521200E5BD31 /* Resources */ = {
			isa = PBXResourcesBuildPhase;
			buildActionMask = 2147483647;
			files = (
				0514241413A5521200E5BD31 /* InfoPlist.strings in Resources */,
			);
			runOnlyForDeploymentPostprocessing = 0;
		};
/* End PBXResourcesBuildPhase section */

/* Begin PBXShellScriptBuildPhase section */
		055E1A3B13A638DB00C7D258 /* ShellScript */ = {
			isa = PBXShellScriptBuildPhase;
			buildActionMask = 2147483647;
			files = (
			);
			inputPaths = (
			);
			outputPaths = (
			);
			runOnlyForDeploymentPostprocessing = 0;
			shellPath = /bin/sh;
			shellScript = "sh tests/runtests.sh";
			showEnvVarsInLog = 0;
		};
/* End PBXShellScriptBuildPhase section */

/* Begin PBXSourcesBuildPhase section */
		0514240113A5521200E5BD31 /* Sources */ = {
			isa = PBXSourcesBuildPhase;
			buildActionMask = 2147483647;
			files = (
				0514243A13A5574B00E5BD31 /* Tin+Extensions.m in Sources */,
				0514243613A5574400E5BD31 /* Tin.m in Sources */,
				0514242F13A5530B00E5BD31 /* GHUnitIOSTestMain.m in Sources */,
				0514243113A5537E00E5BD31 /* ExtensionsTest.m in Sources */,
				055E1A3D13A63EB000C7D258 /* TinAsyncTest.m in Sources */,
				055E1A3F13A6482C00C7D258 /* TinUtilityTest.m in Sources */,
				055E1A4C13A66CC600C7D258 /* TinResponse.m in Sources */,
				055E1A5613A68E0D00C7D258 /* TinTest.m in Sources */,
				6042C68213A8D6AF0035DD1F /* NSObject+SBJSON.m in Sources */,
				6042C68313A8D6AF0035DD1F /* NSString+SBJSON.m in Sources */,
				6042C68413A8D6AF0035DD1F /* SBJsonBase.m in Sources */,
				6042C68513A8D6AF0035DD1F /* SBJsonParser.m in Sources */,
				6042C68613A8D6AF0035DD1F /* SBJsonWriter.m in Sources */,
				9DDB7EBB148E4E4100EE6E90 /* AFHTTPClient.m in Sources */,
				9DDB7EBC148E4E4100EE6E90 /* AFHTTPRequestOperation.m in Sources */,
				9DDB7EBD148E4E4100EE6E90 /* AFImageCache.m in Sources */,
				9DDB7EBE148E4E4100EE6E90 /* AFImageRequestOperation.m in Sources */,
				9DDB7EBF148E4E4100EE6E90 /* AFJSONRequestOperation.m in Sources */,
				9DDB7EC0148E4E4100EE6E90 /* AFNetworkActivityIndicatorManager.m in Sources */,
				9DDB7EC1148E4E4100EE6E90 /* AFPropertyListRequestOperation.m in Sources */,
				9DDB7EC2148E4E4100EE6E90 /* AFURLConnectionOperation.m in Sources */,
				9DDB7EC3148E4E4100EE6E90 /* AFXMLRequestOperation.m in Sources */,
				9DDB7EC4148E4E4100EE6E90 /* UIImageView+AFNetworking.m in Sources */,
			);
			runOnlyForDeploymentPostprocessing = 0;
		};
/* End PBXSourcesBuildPhase section */

/* Begin PBXVariantGroup section */
		0514241213A5521200E5BD31 /* InfoPlist.strings */ = {
			isa = PBXVariantGroup;
			children = (
				0514241313A5521200E5BD31 /* en */,
			);
			name = InfoPlist.strings;
			sourceTree = "<group>";
		};
/* End PBXVariantGroup section */

/* Begin XCBuildConfiguration section */
		051423F713A54E7100E5BD31 /* Debug */ = {
			isa = XCBuildConfiguration;
			buildSettings = {
				SDKROOT = iphoneos;
			};
			name = Debug;
		};
		051423F813A54E7100E5BD31 /* Release */ = {
			isa = XCBuildConfiguration;
			buildSettings = {
				SDKROOT = iphoneos;
			};
			name = Release;
		};
		0514242A13A5521200E5BD31 /* Debug */ = {
			isa = XCBuildConfiguration;
			buildSettings = {
				ALWAYS_SEARCH_USER_PATHS = NO;
				ARCHS = "$(ARCHS_STANDARD_32_BIT)";
				"CODE_SIGN_IDENTITY[sdk=iphoneos*]" = "iPhone Developer";
				COPY_PHASE_STRIP = NO;
				FRAMEWORK_SEARCH_PATHS = (
					"$(inherited)",
					"\"$(SRCROOT)/tests\"",
				);
				GCC_C_LANGUAGE_STANDARD = gnu99;
				GCC_DYNAMIC_NO_PIC = NO;
				GCC_OPTIMIZATION_LEVEL = 0;
				GCC_PRECOMPILE_PREFIX_HEADER = YES;
				GCC_PREFIX_HEADER = "tests/tests-Prefix.pch";
				GCC_PREPROCESSOR_DEFINITIONS = DEBUG;
				GCC_SYMBOLS_PRIVATE_EXTERN = NO;
				GCC_VERSION = com.apple.compilers.llvm.clang.1_0;
				GCC_WARN_ABOUT_RETURN_TYPE = YES;
				GCC_WARN_UNUSED_VARIABLE = YES;
				HEADER_SEARCH_PATHS = tests/Library/Headers;
				INFOPLIST_FILE = "tests/tests-Info.plist";
				IPHONEOS_DEPLOYMENT_TARGET = 4.3;
				LIBRARY_SEARCH_PATHS = (
					"$(inherited)",
					"\"$(SRCROOT)/tests/Library\"",
				);
				OTHER_LDFLAGS = (
					"-ObjC",
					"-all_load",
					"-force_load",
					"$(PROJECT_DIR)/tests/Library/libOCMock.a",
				);
				PRODUCT_NAME = "$(TARGET_NAME)";
				SDKROOT = iphoneos;
				TARGETED_DEVICE_FAMILY = "1,2";
				WRAPPER_EXTENSION = app;
			};
			name = Debug;
		};
		0514242B13A5521200E5BD31 /* Release */ = {
			isa = XCBuildConfiguration;
			buildSettings = {
				ALWAYS_SEARCH_USER_PATHS = NO;
				ARCHS = "$(ARCHS_STANDARD_32_BIT)";
				"CODE_SIGN_IDENTITY[sdk=iphoneos*]" = "iPhone Developer";
				COPY_PHASE_STRIP = YES;
				FRAMEWORK_SEARCH_PATHS = (
					"$(inherited)",
					"\"$(SRCROOT)/tests\"",
				);
				GCC_C_LANGUAGE_STANDARD = gnu99;
				GCC_PRECOMPILE_PREFIX_HEADER = YES;
				GCC_PREFIX_HEADER = "tests/tests-Prefix.pch";
				GCC_VERSION = com.apple.compilers.llvm.clang.1_0;
				GCC_WARN_ABOUT_RETURN_TYPE = YES;
				GCC_WARN_UNUSED_VARIABLE = YES;
				HEADER_SEARCH_PATHS = tests/Library/Headers;
				INFOPLIST_FILE = "tests/tests-Info.plist";
				IPHONEOS_DEPLOYMENT_TARGET = 4.3;
				LIBRARY_SEARCH_PATHS = (
					"$(inherited)",
					"\"$(SRCROOT)/tests/Library\"",
				);
				OTHER_CFLAGS = "-DNS_BLOCK_ASSERTIONS=1";
				OTHER_LDFLAGS = (
					"-ObjC",
					"-all_load",
					"-force_load",
					"$(PROJECT_DIR)/tests/Library/libOCMock.a",
				);
				PRODUCT_NAME = "$(TARGET_NAME)";
				SDKROOT = iphoneos;
				TARGETED_DEVICE_FAMILY = "1,2";
				VALIDATE_PRODUCT = YES;
				WRAPPER_EXTENSION = app;
			};
			name = Release;
		};
/* End XCBuildConfiguration section */

/* Begin XCConfigurationList section */
		051423F513A54E7100E5BD31 /* Build configuration list for PBXProject "Tin" */ = {
			isa = XCConfigurationList;
			buildConfigurations = (
				051423F713A54E7100E5BD31 /* Debug */,
				051423F813A54E7100E5BD31 /* Release */,
			);
			defaultConfigurationIsVisible = 0;
			defaultConfigurationName = Release;
		};
		0514242913A5521200E5BD31 /* Build configuration list for PBXNativeTarget "tests" */ = {
			isa = XCConfigurationList;
			buildConfigurations = (
				0514242A13A5521200E5BD31 /* Debug */,
				0514242B13A5521200E5BD31 /* Release */,
			);
			defaultConfigurationIsVisible = 0;
			defaultConfigurationName = Release;
		};
/* End XCConfigurationList section */
	};
	rootObject = 051423F213A54E7100E5BD31 /* Project object */;
}
