// !$*UTF8*$!
{
	archiveVersion = 1;
	classes = {
	};
	objectVersion = 46;
	objects = {

/* Begin PBXGroup section */
		051423F013A54E7100E5BD31 = {
			isa = PBXGroup;
			children = (
			);
			sourceTree = "<group>";
		};
/* End PBXGroup section */

/* Begin PBXProject section */
		051423F213A54E7100E5BD31 /* Project object */ = {
			isa = PBXProject;
			attributes = {
				ORGANIZATIONNAME = 10to1;
			};
			buildConfigurationList = 051423F513A54E7100E5BD31 /* Build configuration list for PBXProject "Tin" */;
			compatibilityVersion = "Xcode 3.2";
			developmentRegion = English;
			hasScannedForEncodings = 0;
			knownRegions = (
				en,
			);
			mainGroup = 051423F013A54E7100E5BD31;
			projectDirPath = "";
			projectRoot = "";
			targets = (
			);
		};
/* End PBXProject section */

/* Begin XCBuildConfiguration section */
		051423F713A54E7100E5BD31 /* Debug */ = {
			isa = XCBuildConfiguration;
			buildSettings = {
			};
			name = Debug;
		};
		051423F813A54E7100E5BD31 /* Release */ = {
			isa = XCBuildConfiguration;
			buildSettings = {
			};
			name = Release;
		};
/* End XCBuildConfiguration section */

/* Begin XCConfigurationList section */
		051423F513A54E7100E5BD31 /* Build configuration list for PBXProject "Tin" */ = {
			isa = XCConfigurationList;
			buildConfigurations = (
				051423F713A54E7100E5BD31 /* Debug */,
				051423F813A54E7100E5BD31 /* Release */,
			);
			defaultConfigurationIsVisible = 0;
			defaultConfigurationName = Release;
		};
/* End XCConfigurationList section */
	};
	rootObject = 051423F213A54E7100E5BD31 /* Project object */;
}
